{
  "version": 4,
  "terraform_version": "1.12.2",
  "serial": 164,
  "lineage": "41bbbb34-ca66-3975-baeb-47556eb51a07",
  "outputs": {},
  "resources": [
    {
      "mode": "managed",
      "type": "azurerm_resource_group",
      "name": "main",
      "provider": "provider[\"registry.terraform.io/hashicorp/azurerm\"]",
      "instances": [
        {
          "schema_version": 0,
          "attributes": {
            "id": "/subscriptions/4052107a-ff42-4770-977e-860cabe0f656/resourceGroups/dev-rg",
            "location": "centralindia",
            "managed_by": "",
            "name": "dev-rg",
            "tags": null,
            "timeouts": null
          },
          "sensitive_attributes": [],
          "identity_schema_version": 0,
          "private": "eyJlMmJmYjczMC1lY2FhLTExZTYtOGY4OC0zNDM2M2JjN2M0YzAiOnsiY3JlYXRlIjo1NDAwMDAwMDAwMDAwLCJkZWxldGUiOjU0MDAwMDAwMDAwMDAsInJlYWQiOjMwMDAwMDAwMDAwMCwidXBkYXRlIjo1NDAwMDAwMDAwMDAwfX0="
        }
      ]
    },
    {
      "module": "module.master-node",
      "mode": "managed",
      "type": "azurerm_linux_virtual_machine",
      "name": "master",
      "provider": "provider[\"registry.terraform.io/hashicorp/azurerm\"]",
      "instances": [
        {
          "schema_version": 0,
          "attributes": {
            "additional_capabilities": [],
            "admin_password": null,
            "admin_ssh_key": [
              {
                "public_key": "ssh-rsa AAAAB3NzaC1yc2EAAAADAQABAAACAQDTGO7eZ7yVipQCECqhLN9iFlq6DFiGEIUtu2HujB3KUi++/lZDq+Ud+hoPGgfep5ALPfhyVPWU9kheimuVdTof+F/EA5TTE9aFwoGmhhVEIZqsJ00creXL4m2VvDKIUlgF8NFNmy62ZrdDBLpulhc6sGxR+XggIgTlZ68FKoGmN/tKYGrvI73ufDUsih9Jo9EbFqsG9UbB+ZVDEK5M6r6S0y0yJveFDQ0nISV3PWmDqLqx6h11TRU1vzUGvGqCFtE2tvJKD6McSea8rI3VQAi0ooju2qU9GNuXrxa/NcSkXWjQpd8tn99+Zwgqdqz0mlQcv0erGj7dugXbL7WauaCwIL2DR9ueCQjbq6C2eJE6WK5GralaMGPlOVeMOBsUrUMn6u64SeflJwAq5+3VSnEEVO/YXKX1JkG3t1uaYCElKfkvSWJXyrQImudJ6HcQdro9z/kGmBIpkgxcrbwcvVvV4Nh61xsj6fxbp1AU3j3iyGURuBV9PlHpvRf4gag3QmIkZJmjKYdm3Ep6e9Eo447Ml57zIgX62NaiEPnYnegwMfSJOOlq5kAkz4zm8aA0cf6KEgs78BXTWjAuKbQcB6afjWjhehnjyKqKyEE7IrZHYvepvwauHZK9xMRGdGoyrmD17KwNYITZc63uwYxhOh/83xZsq2PEc165dddTOgiuNQ== azureuser@terraform",
                "username": "azureuser"
              }
            ],
            "admin_username": "azureuser",
            "allow_extension_operations": true,
            "availability_set_id": "",
            "boot_diagnostics": [],
            "bypass_platform_safety_checks_on_user_schedule_enabled": false,
            "capacity_reservation_group_id": "",
            "computer_name": "k8s-master-vm",
            "custom_data": null,
            "dedicated_host_group_id": "",
            "dedicated_host_id": "",
            "disable_password_authentication": true,
            "disk_controller_type": "SCSI",
            "edge_zone": "",
            "encryption_at_host_enabled": false,
            "eviction_policy": "",
            "extensions_time_budget": "PT1H30M",
            "gallery_application": [],
            "id": "/subscriptions/4052107a-ff42-4770-977e-860cabe0f656/resourceGroups/dev-rg/providers/Microsoft.Compute/virtualMachines/k8s-master-vm",
            "identity": [],
            "license_type": "",
            "location": "centralindia",
            "max_bid_price": -1,
            "name": "k8s-master-vm",
            "network_interface_ids": [
              "/subscriptions/4052107a-ff42-4770-977e-860cabe0f656/resourceGroups/dev-rg/providers/Microsoft.Network/networkInterfaces/master-nic"
            ],
            "os_disk": [
              {
                "caching": "ReadWrite",
                "diff_disk_settings": [],
                "disk_encryption_set_id": "",
                "disk_size_gb": 30,
                "id": "/subscriptions/4052107a-ff42-4770-977e-860cabe0f656/resourceGroups/dev-rg/providers/Microsoft.Compute/disks/k8s-master-vm_disk1_ecdfb1f6a8284062bb0b4fb1d085585e",
                "name": "k8s-master-vm_disk1_ecdfb1f6a8284062bb0b4fb1d085585e",
                "secure_vm_disk_encryption_set_id": "",
                "security_encryption_type": "",
                "storage_account_type": "Standard_LRS",
                "write_accelerator_enabled": false
              }
            ],
            "os_image_notification": [],
            "patch_assessment_mode": "ImageDefault",
            "patch_mode": "ImageDefault",
            "plan": [],
            "platform_fault_domain": -1,
            "priority": "Regular",
            "private_ip_address": "10.0.1.5",
            "private_ip_addresses": [
              "10.0.1.5"
            ],
            "provision_vm_agent": true,
            "proximity_placement_group_id": "",
            "public_ip_address": "4.213.160.224",
            "public_ip_addresses": [
              "4.213.160.224"
            ],
            "reboot_setting": "",
            "resource_group_name": "dev-rg",
            "secret": [],
            "secure_boot_enabled": false,
            "size": "Standard_B2s",
            "source_image_id": "",
            "source_image_reference": [
              {
                "offer": "0001-com-ubuntu-server-jammy",
                "publisher": "Canonical",
                "sku": "22_04-lts-gen2",
                "version": "latest"
              }
            ],
            "tags": null,
            "termination_notification": null,
            "timeouts": null,
            "user_data": "",
            "virtual_machine_id": "93160ef7-1e99-41e5-bab3-1384e11c145a",
            "virtual_machine_scale_set_id": "",
            "vm_agent_platform_updates_enabled": false,
            "vtpm_enabled": false,
            "zone": ""
          },
          "sensitive_attributes": [
            [
              {
                "type": "get_attr",
                "value": "admin_password"
              }
            ],
            [
              {
                "type": "get_attr",
                "value": "custom_data"
              }
            ]
          ],
          "identity_schema_version": 0,
          "private": "eyJlMmJmYjczMC1lY2FhLTExZTYtOGY4OC0zNDM2M2JjN2M0YzAiOnsiY3JlYXRlIjoyNzAwMDAwMDAwMDAwLCJkZWxldGUiOjI3MDAwMDAwMDAwMDAsInJlYWQiOjMwMDAwMDAwMDAwMCwidXBkYXRlIjoyNzAwMDAwMDAwMDAwfX0=",
          "dependencies": [
            "azurerm_resource_group.main",
            "module.master-node.azurerm_network_interface.master",
            "module.master-node.azurerm_public_ip.master",
            "module.network.azurerm_subnet.main",
            "module.network.azurerm_virtual_network.main"
          ]
        }
      ]
    },
    {
      "module": "module.master-node",
      "mode": "managed",
      "type": "azurerm_network_interface",
      "name": "master",
      "provider": "provider[\"registry.terraform.io/hashicorp/azurerm\"]",
      "instances": [
        {
          "schema_version": 0,
          "attributes": {
            "accelerated_networking_enabled": false,
            "applied_dns_servers": [],
            "auxiliary_mode": "",
            "auxiliary_sku": "",
            "dns_servers": null,
            "edge_zone": "",
            "id": "/subscriptions/4052107a-ff42-4770-977e-860cabe0f656/resourceGroups/dev-rg/providers/Microsoft.Network/networkInterfaces/master-nic",
            "internal_dns_name_label": "",
            "internal_domain_name_suffix": "f5qisem5qmke3lhrhczu13t1fd.rx.internal.cloudapp.net",
            "ip_configuration": [
              {
                "gateway_load_balancer_frontend_ip_configuration_id": "",
                "name": "internal",
                "primary": true,
                "private_ip_address": "10.0.1.5",
                "private_ip_address_allocation": "Dynamic",
                "private_ip_address_version": "IPv4",
                "public_ip_address_id": "/subscriptions/4052107a-ff42-4770-977e-860cabe0f656/resourceGroups/dev-rg/providers/Microsoft.Network/publicIPAddresses/master-public-ip",
                "subnet_id": "/subscriptions/4052107a-ff42-4770-977e-860cabe0f656/resourceGroups/dev-rg/providers/Microsoft.Network/virtualNetworks/dev-vnet/subnets/dev-subnet"
              }
            ],
            "ip_forwarding_enabled": false,
            "location": "centralindia",
            "mac_address": "",
            "name": "master-nic",
            "private_ip_address": "10.0.1.5",
            "private_ip_addresses": [
              "10.0.1.5"
            ],
            "resource_group_name": "dev-rg",
            "tags": null,
            "timeouts": null,
            "virtual_machine_id": ""
          },
          "sensitive_attributes": [],
          "identity_schema_version": 0,
          "identity": {
            "name": "master-nic",
            "resource_group_name": "dev-rg",
            "subscription_id": "4052107a-ff42-4770-977e-860cabe0f656"
          },
          "private": "eyJlMmJmYjczMC1lY2FhLTExZTYtOGY4OC0zNDM2M2JjN2M0YzAiOnsiY3JlYXRlIjoxODAwMDAwMDAwMDAwLCJkZWxldGUiOjE4MDAwMDAwMDAwMDAsInJlYWQiOjMwMDAwMDAwMDAwMCwidXBkYXRlIjoxODAwMDAwMDAwMDAwfX0=",
          "dependencies": [
            "azurerm_resource_group.main",
            "module.master-node.azurerm_public_ip.master",
            "module.network.azurerm_subnet.main",
            "module.network.azurerm_virtual_network.main"
          ]
        }
      ]
    },
    {
      "module": "module.master-node",
      "mode": "managed",
      "type": "azurerm_public_ip",
      "name": "master",
      "provider": "provider[\"registry.terraform.io/hashicorp/azurerm\"]",
      "instances": [
        {
          "schema_version": 0,
          "attributes": {
            "allocation_method": "Static",
            "ddos_protection_mode": "VirtualNetworkInherited",
            "ddos_protection_plan_id": null,
            "domain_name_label": null,
            "domain_name_label_scope": null,
            "edge_zone": "",
            "fqdn": null,
            "id": "/subscriptions/4052107a-ff42-4770-977e-860cabe0f656/resourceGroups/dev-rg/providers/Microsoft.Network/publicIPAddresses/master-public-ip",
            "idle_timeout_in_minutes": 4,
            "ip_address": "4.213.160.224",
            "ip_tags": null,
            "ip_version": "IPv4",
            "location": "centralindia",
            "name": "master-public-ip",
            "public_ip_prefix_id": null,
            "resource_group_name": "dev-rg",
            "reverse_fqdn": null,
            "sku": "Standard",
            "sku_tier": "Regional",
            "tags": null,
            "timeouts": null,
            "zones": null
          },
          "sensitive_attributes": [],
          "identity_schema_version": 0,
          "private": "eyJlMmJmYjczMC1lY2FhLTExZTYtOGY4OC0zNDM2M2JjN2M0YzAiOnsiY3JlYXRlIjoxODAwMDAwMDAwMDAwLCJkZWxldGUiOjE4MDAwMDAwMDAwMDAsInJlYWQiOjMwMDAwMDAwMDAwMCwidXBkYXRlIjoxODAwMDAwMDAwMDAwfX0=",
          "dependencies": [
            "azurerm_resource_group.main"
          ]
        }
      ]
    },
    {
      "module": "module.network",
      "mode": "managed",
      "type": "azurerm_network_security_group",
      "name": "main",
      "provider": "provider[\"registry.terraform.io/hashicorp/azurerm\"]",
      "instances": [
        {
          "schema_version": 0,
          "attributes": {
            "id": "/subscriptions/4052107a-ff42-4770-977e-860cabe0f656/resourceGroups/dev-rg/providers/Microsoft.Network/networkSecurityGroups/dev-vnet-nsg",
            "location": "centralindia",
            "name": "dev-vnet-nsg",
            "resource_group_name": "dev-rg",
            "security_rule": [],
            "tags": null,
            "timeouts": null
          },
          "sensitive_attributes": [],
          "identity_schema_version": 0,
          "identity": {
            "name": "dev-vnet-nsg",
            "resource_group_name": "dev-rg",
            "subscription_id": "4052107a-ff42-4770-977e-860cabe0f656"
          },
          "private": "eyJlMmJmYjczMC1lY2FhLTExZTYtOGY4OC0zNDM2M2JjN2M0YzAiOnsiY3JlYXRlIjoxODAwMDAwMDAwMDAwLCJkZWxldGUiOjE4MDAwMDAwMDAwMDAsInJlYWQiOjMwMDAwMDAwMDAwMCwidXBkYXRlIjoxODAwMDAwMDAwMDAwfX0=",
          "dependencies": [
            "azurerm_resource_group.main"
          ]
        }
      ]
    },
    {
      "module": "module.network",
      "mode": "managed",
      "type": "azurerm_network_security_rule",
      "name": "allow_intra_vnet",
      "provider": "provider[\"registry.terraform.io/hashicorp/azurerm\"]",
      "instances": [
        {
          "schema_version": 0,
          "attributes": {
            "access": "Allow",
            "description": "",
            "destination_address_prefix": "VirtualNetwork",
            "destination_address_prefixes": null,
            "destination_application_security_group_ids": null,
            "destination_port_range": "*",
            "destination_port_ranges": null,
            "direction": "Inbound",
            "id": "/subscriptions/4052107a-ff42-4770-977e-860cabe0f656/resourceGroups/dev-rg/providers/Microsoft.Network/networkSecurityGroups/dev-vnet-nsg/securityRules/allow-intra-vnet",
            "name": "allow-intra-vnet",
            "network_security_group_name": "dev-vnet-nsg",
            "priority": 1002,
            "protocol": "*",
            "resource_group_name": "dev-rg",
            "source_address_prefix": "VirtualNetwork",
            "source_address_prefixes": null,
            "source_application_security_group_ids": null,
            "source_port_range": "*",
            "source_port_ranges": null,
            "timeouts": null
          },
          "sensitive_attributes": [],
          "identity_schema_version": 0,
          "identity": {
            "name": "allow-intra-vnet",
            "network_security_group_name": "dev-vnet-nsg",
            "resource_group_name": "dev-rg",
            "subscription_id": "4052107a-ff42-4770-977e-860cabe0f656"
          },
          "private": "eyJlMmJmYjczMC1lY2FhLTExZTYtOGY4OC0zNDM2M2JjN2M0YzAiOnsiY3JlYXRlIjoxODAwMDAwMDAwMDAwLCJkZWxldGUiOjE4MDAwMDAwMDAwMDAsInJlYWQiOjMwMDAwMDAwMDAwMCwidXBkYXRlIjoxODAwMDAwMDAwMDAwfX0=",
          "dependencies": [
            "azurerm_resource_group.main",
            "module.network.azurerm_network_security_group.main"
          ]
        }
      ]
    },
    {
      "module": "module.network",
      "mode": "managed",
      "type": "azurerm_network_security_rule",
      "name": "allow_ssh",
      "provider": "provider[\"registry.terraform.io/hashicorp/azurerm\"]",
      "instances": [
        {
          "schema_version": 0,
          "attributes": {
            "access": "Allow",
            "description": "",
            "destination_address_prefix": "*",
            "destination_address_prefixes": null,
            "destination_application_security_group_ids": null,
            "destination_port_range": "22",
            "destination_port_ranges": null,
            "direction": "Inbound",
            "id": "/subscriptions/4052107a-ff42-4770-977e-860cabe0f656/resourceGroups/dev-rg/providers/Microsoft.Network/networkSecurityGroups/dev-vnet-nsg/securityRules/allow-ssh",
            "name": "allow-ssh",
            "network_security_group_name": "dev-vnet-nsg",
            "priority": 1001,
            "protocol": "Tcp",
            "resource_group_name": "dev-rg",
            "source_address_prefix": "*",
            "source_address_prefixes": null,
            "source_application_security_group_ids": null,
            "source_port_range": "*",
            "source_port_ranges": null,
            "timeouts": null
          },
          "sensitive_attributes": [],
          "identity_schema_version": 0,
          "identity": {
            "name": "allow-ssh",
            "network_security_group_name": "dev-vnet-nsg",
            "resource_group_name": "dev-rg",
            "subscription_id": "4052107a-ff42-4770-977e-860cabe0f656"
          },
          "private": "eyJlMmJmYjczMC1lY2FhLTExZTYtOGY4OC0zNDM2M2JjN2M0YzAiOnsiY3JlYXRlIjoxODAwMDAwMDAwMDAwLCJkZWxldGUiOjE4MDAwMDAwMDAwMDAsInJlYWQiOjMwMDAwMDAwMDAwMCwidXBkYXRlIjoxODAwMDAwMDAwMDAwfX0=",
          "dependencies": [
            "azurerm_resource_group.main",
            "module.network.azurerm_network_security_group.main"
          ]
        }
      ]
    },
    {
      "module": "module.network",
      "mode": "managed",
      "type": "azurerm_subnet",
      "name": "main",
      "provider": "provider[\"registry.terraform.io/hashicorp/azurerm\"]",
      "instances": [
        {
          "schema_version": 0,
          "attributes": {
            "address_prefixes": [
              "10.0.1.0/24"
            ],
            "default_outbound_access_enabled": true,
            "delegation": [],
            "id": "/subscriptions/4052107a-ff42-4770-977e-860cabe0f656/resourceGroups/dev-rg/providers/Microsoft.Network/virtualNetworks/dev-vnet/subnets/dev-subnet",
            "name": "dev-subnet",
            "private_endpoint_network_policies": "Disabled",
            "private_link_service_network_policies_enabled": true,
            "resource_group_name": "dev-rg",
            "service_endpoint_policy_ids": null,
            "service_endpoints": null,
            "timeouts": null,
            "virtual_network_name": "dev-vnet"
          },
          "sensitive_attributes": [],
          "identity_schema_version": 0,
          "identity": {
            "name": "dev-subnet",
            "resource_group_name": "dev-rg",
            "subscription_id": "4052107a-ff42-4770-977e-860cabe0f656",
            "virtual_network_name": "dev-vnet"
          },
          "private": "eyJlMmJmYjczMC1lY2FhLTExZTYtOGY4OC0zNDM2M2JjN2M0YzAiOnsiY3JlYXRlIjoxODAwMDAwMDAwMDAwLCJkZWxldGUiOjE4MDAwMDAwMDAwMDAsInJlYWQiOjMwMDAwMDAwMDAwMCwidXBkYXRlIjoxODAwMDAwMDAwMDAwfX0=",
          "dependencies": [
            "azurerm_resource_group.main",
            "module.network.azurerm_virtual_network.main"
          ]
        }
      ]
    },
    {
      "module": "module.network",
      "mode": "managed",
      "type": "azurerm_subnet_network_security_group_association",
      "name": "main",
      "provider": "provider[\"registry.terraform.io/hashicorp/azurerm\"]",
      "instances": [
        {
          "schema_version": 0,
          "attributes": {
            "id": "/subscriptions/4052107a-ff42-4770-977e-860cabe0f656/resourceGroups/dev-rg/providers/Microsoft.Network/virtualNetworks/dev-vnet/subnets/dev-subnet",
            "network_security_group_id": "/subscriptions/4052107a-ff42-4770-977e-860cabe0f656/resourceGroups/dev-rg/providers/Microsoft.Network/networkSecurityGroups/dev-vnet-nsg",
            "subnet_id": "/subscriptions/4052107a-ff42-4770-977e-860cabe0f656/resourceGroups/dev-rg/providers/Microsoft.Network/virtualNetworks/dev-vnet/subnets/dev-subnet",
            "timeouts": null
          },
          "sensitive_attributes": [],
          "identity_schema_version": 0,
          "private": "eyJlMmJmYjczMC1lY2FhLTExZTYtOGY4OC0zNDM2M2JjN2M0YzAiOnsiY3JlYXRlIjoxODAwMDAwMDAwMDAwLCJkZWxldGUiOjE4MDAwMDAwMDAwMDAsInJlYWQiOjMwMDAwMDAwMDAwMH19",
          "dependencies": [
            "azurerm_resource_group.main",
            "module.network.azurerm_network_security_group.main",
            "module.network.azurerm_subnet.main",
            "module.network.azurerm_virtual_network.main"
          ]
        }
      ]
    },
    {
      "module": "module.network",
      "mode": "managed",
      "type": "azurerm_virtual_network",
      "name": "main",
      "provider": "provider[\"registry.terraform.io/hashicorp/azurerm\"]",
      "instances": [
        {
          "schema_version": 0,
          "attributes": {
            "address_space": [
              "10.0.0.0/16"
            ],
            "bgp_community": "",
            "ddos_protection_plan": [],
            "dns_servers": [],
            "edge_zone": "",
            "encryption": [],
            "flow_timeout_in_minutes": 0,
            "guid": "1189e02f-839f-4e14-acf1-38b34df67b2b",
            "id": "/subscriptions/4052107a-ff42-4770-977e-860cabe0f656/resourceGroups/dev-rg/providers/Microsoft.Network/virtualNetworks/dev-vnet",
            "ip_address_pool": [],
            "location": "centralindia",
            "name": "dev-vnet",
            "private_endpoint_vnet_policies": "Disabled",
            "resource_group_name": "dev-rg",
            "subnet": [],
            "tags": null,
            "timeouts": null
          },
          "sensitive_attributes": [],
          "identity_schema_version": 0,
          "identity": {
            "name": "dev-vnet",
            "resource_group_name": "dev-rg",
            "subscription_id": "4052107a-ff42-4770-977e-860cabe0f656"
          },
          "private": "eyJlMmJmYjczMC1lY2FhLTExZTYtOGY4OC0zNDM2M2JjN2M0YzAiOnsiY3JlYXRlIjoxODAwMDAwMDAwMDAwLCJkZWxldGUiOjE4MDAwMDAwMDAwMDAsInJlYWQiOjMwMDAwMDAwMDAwMCwidXBkYXRlIjoxODAwMDAwMDAwMDAwfX0=",
          "dependencies": [
            "azurerm_resource_group.main"
          ]
        }
      ]
    },
    {
      "module": "module.vmss-workers",
      "mode": "managed",
      "type": "azurerm_linux_virtual_machine_scale_set",
      "name": "workers",
      "provider": "provider[\"registry.terraform.io/hashicorp/azurerm\"]",
      "instances": [
        {
          "schema_version": 0,
          "attributes": {
            "additional_capabilities": [],
            "admin_password": null,
            "admin_ssh_key": [
              {
                "public_key": "ssh-rsa AAAAB3NzaC1yc2EAAAADAQABAAACAQDTGO7eZ7yVipQCECqhLN9iFlq6DFiGEIUtu2HujB3KUi++/lZDq+Ud+hoPGgfep5ALPfhyVPWU9kheimuVdTof+F/EA5TTE9aFwoGmhhVEIZqsJ00creXL4m2VvDKIUlgF8NFNmy62ZrdDBLpulhc6sGxR+XggIgTlZ68FKoGmN/tKYGrvI73ufDUsih9Jo9EbFqsG9UbB+ZVDEK5M6r6S0y0yJveFDQ0nISV3PWmDqLqx6h11TRU1vzUGvGqCFtE2tvJKD6McSea8rI3VQAi0ooju2qU9GNuXrxa/NcSkXWjQpd8tn99+Zwgqdqz0mlQcv0erGj7dugXbL7WauaCwIL2DR9ueCQjbq6C2eJE6WK5GralaMGPlOVeMOBsUrUMn6u64SeflJwAq5+3VSnEEVO/YXKX1JkG3t1uaYCElKfkvSWJXyrQImudJ6HcQdro9z/kGmBIpkgxcrbwcvVvV4Nh61xsj6fxbp1AU3j3iyGURuBV9PlHpvRf4gag3QmIkZJmjKYdm3Ep6e9Eo447Ml57zIgX62NaiEPnYnegwMfSJOOlq5kAkz4zm8aA0cf6KEgs78BXTWjAuKbQcB6afjWjhehnjyKqKyEE7IrZHYvepvwauHZK9xMRGdGoyrmD17KwNYITZc63uwYxhOh/83xZsq2PEc165dddTOgiuNQ== azureuser@terraform",
                "username": "azureuser"
              }
            ],
            "admin_username": "azureuser",
            "automatic_instance_repair": [],
            "automatic_os_upgrade_policy": [],
            "boot_diagnostics": [],
            "capacity_reservation_group_id": "",
            "computer_name_prefix": "k8s-worker-vmss",
            "custom_data": null,
            "data_disk": [],
            "disable_password_authentication": true,
            "do_not_run_extensions_on_overprovisioned_machines": false,
            "edge_zone": "",
            "encryption_at_host_enabled": false,
            "eviction_policy": "",
            "extension": [],
            "extension_operations_enabled": true,
            "extensions_time_budget": "PT1H30M",
            "gallery_application": [],
            "health_probe_id": "",
            "host_group_id": null,
            "id": "/subscriptions/4052107a-ff42-4770-977e-860cabe0f656/resourceGroups/dev-rg/providers/Microsoft.Compute/virtualMachineScaleSets/k8s-worker-vmss",
            "identity": [],
            "instances": 1,
            "location": "centralindia",
            "max_bid_price": -1,
            "name": "k8s-worker-vmss",
            "network_interface": [
              {
                "dns_servers": null,
                "enable_accelerated_networking": false,
                "enable_ip_forwarding": false,
                "ip_configuration": [
                  {
                    "application_gateway_backend_address_pool_ids": null,
                    "application_security_group_ids": null,
                    "load_balancer_backend_address_pool_ids": null,
                    "load_balancer_inbound_nat_rules_ids": null,
                    "name": "internal",
                    "primary": true,
                    "public_ip_address": [],
                    "subnet_id": "/subscriptions/4052107a-ff42-4770-977e-860cabe0f656/resourceGroups/dev-rg/providers/Microsoft.Network/virtualNetworks/dev-vnet/subnets/dev-subnet",
                    "version": "IPv4"
                  }
                ],
                "name": "k8s-worker-vmss-nic",
                "network_security_group_id": "",
                "primary": true
              }
            ],
            "os_disk": [
              {
                "caching": "ReadWrite",
                "diff_disk_settings": [],
                "disk_encryption_set_id": "",
                "disk_size_gb": 30,
                "secure_vm_disk_encryption_set_id": "",
                "security_encryption_type": "",
                "storage_account_type": "Standard_LRS",
                "write_accelerator_enabled": false
              }
            ],
            "overprovision": true,
            "plan": [],
            "platform_fault_domain_count": 5,
            "priority": "Regular",
            "provision_vm_agent": true,
            "proximity_placement_group_id": "",
            "resource_group_name": "dev-rg",
            "rolling_upgrade_policy": [],
            "scale_in": [],
            "secret": [],
            "secure_boot_enabled": false,
            "single_placement_group": true,
            "sku": "Standard_B2s",
            "source_image_id": "",
            "source_image_reference": [
              {
                "offer": "0001-com-ubuntu-server-jammy",
                "publisher": "Canonical",
                "sku": "22_04-lts",
                "version": "latest"
              }
            ],
            "spot_restore": null,
            "tags": null,
            "termination_notification": null,
            "timeouts": null,
            "unique_id": "d5416d2e-2b48-4dbd-b791-6e5b1e6f970c",
            "upgrade_mode": "Manual",
            "user_data": "",
            "vtpm_enabled": false,
            "zone_balance": false,
            "zones": null
          },
          "sensitive_attributes": [
            [
              {
                "type": "get_attr",
                "value": "admin_password"
              }
            ],
            [
              {
                "type": "get_attr",
                "value": "custom_data"
              }
            ]
          ],
          "identity_schema_version": 0,
          "private": "eyJlMmJmYjczMC1lY2FhLTExZTYtOGY4OC0zNDM2M2JjN2M0YzAiOnsiY3JlYXRlIjozNjAwMDAwMDAwMDAwLCJkZWxldGUiOjM2MDAwMDAwMDAwMDAsInJlYWQiOjMwMDAwMDAwMDAwMCwidXBkYXRlIjozNjAwMDAwMDAwMDAwfX0=",
          "dependencies": [
            "azurerm_resource_group.main",
            "module.network.azurerm_subnet.main",
            "module.network.azurerm_virtual_network.main"
          ]
        }
      ]
    }
  ],
  "check_results": null
}
